{
  "name": "scripts",
  "lockfileVersion": 3,
  "requires": true,
  "packages": {
    "": {
      "dependencies": {
        "worldcities": "^0.1.8"
      }
    },
    "node_modules/worldcities": {
      "version": "0.1.8",
      "resolved": "https://registry.npmjs.org/worldcities/-/worldcities-0.1.8.tgz",
      "integrity": "sha512-ialAWfvGk+jnr2JQDt8VAObhRytnj1jaMX5jdfIoj7585tWbSvOm6T0nxfSEo2DU/UAhd9mghZ4YLtj1b8vnbg==",
      "license": "Unlicense"
    }
  }
}
